// !$*UTF8*$!
{
	archiveVersion = 1;
	classes = {
	};
	objectVersion = 56;
	objects = {

/* Begin PBXBuildFile section */
		84557D85298BFB2C000BB5E2 /* RandomAbilitiesView.swift in Sources */ = {isa = PBXBuildFile; fileRef = 84557D84298BFB2C000BB5E2 /* RandomAbilitiesView.swift */; };
		84557D87298BFE02000BB5E2 /* CurrentJobView.swift in Sources */ = {isa = PBXBuildFile; fileRef = 84557D86298BFE02000BB5E2 /* CurrentJobView.swift */; };
		84C6BF51298AB21500B6D3DD /* AppDelegate.swift in Sources */ = {isa = PBXBuildFile; fileRef = 84C6BF50298AB21500B6D3DD /* AppDelegate.swift */; };
		84C6BF53298AB21500B6D3DD /* SceneDelegate.swift in Sources */ = {isa = PBXBuildFile; fileRef = 84C6BF52298AB21500B6D3DD /* SceneDelegate.swift */; };
		84C6BF58298AB21500B6D3DD /* Main.storyboard in Resources */ = {isa = PBXBuildFile; fileRef = 84C6BF56298AB21500B6D3DD /* Main.storyboard */; };
		84C6BF5B298AB21500B6D3DD /* myresumee.xcdatamodeld in Sources */ = {isa = PBXBuildFile; fileRef = 84C6BF59298AB21500B6D3DD /* myresumee.xcdatamodeld */; };
		84C6BF5D298AB21600B6D3DD /* Assets.xcassets in Resources */ = {isa = PBXBuildFile; fileRef = 84C6BF5C298AB21600B6D3DD /* Assets.xcassets */; };
		84C6BF60298AB21600B6D3DD /* LaunchScreen.storyboard in Resources */ = {isa = PBXBuildFile; fileRef = 84C6BF5E298AB21600B6D3DD /* LaunchScreen.storyboard */; };
		84C6BF6B298AB9BE00B6D3DD /* MainHomeViewController.swift in Sources */ = {isa = PBXBuildFile; fileRef = 84C6BF6A298AB9BE00B6D3DD /* MainHomeViewController.swift */; };
		84C6BF6D298ABA3500B6D3DD /* HeaderView.swift in Sources */ = {isa = PBXBuildFile; fileRef = 84C6BF6C298ABA3500B6D3DD /* HeaderView.swift */; };
		84C6BF6F298ABABB00B6D3DD /* HeaderPictureView.swift in Sources */ = {isa = PBXBuildFile; fileRef = 84C6BF6E298ABABB00B6D3DD /* HeaderPictureView.swift */; };
		84C6BF71298ABDB300B6D3DD /* SelectedView.swift in Sources */ = {isa = PBXBuildFile; fileRef = 84C6BF70298ABDB300B6D3DD /* SelectedView.swift */; };
		84C6BF74298AC15200B6D3DD /* KFColors.swift in Sources */ = {isa = PBXBuildFile; fileRef = 84C6BF73298AC15200B6D3DD /* KFColors.swift */; };
/* End PBXBuildFile section */

/* Begin PBXFileReference section */
		84557D84298BFB2C000BB5E2 /* RandomAbilitiesView.swift */ = {isa = PBXFileReference; lastKnownFileType = sourcecode.swift; path = RandomAbilitiesView.swift; sourceTree = "<group>"; };
		84557D86298BFE02000BB5E2 /* CurrentJobView.swift */ = {isa = PBXFileReference; lastKnownFileType = sourcecode.swift; path = CurrentJobView.swift; sourceTree = "<group>"; };
		84C6BF4D298AB21500B6D3DD /* myresumee.app */ = {isa = PBXFileReference; explicitFileType = wrapper.application; includeInIndex = 0; path = myresumee.app; sourceTree = BUILT_PRODUCTS_DIR; };
		84C6BF50298AB21500B6D3DD /* AppDelegate.swift */ = {isa = PBXFileReference; lastKnownFileType = sourcecode.swift; path = AppDelegate.swift; sourceTree = "<group>"; };
		84C6BF52298AB21500B6D3DD /* SceneDelegate.swift */ = {isa = PBXFileReference; lastKnownFileType = sourcecode.swift; path = SceneDelegate.swift; sourceTree = "<group>"; };
		84C6BF57298AB21500B6D3DD /* Base */ = {isa = PBXFileReference; lastKnownFileType = file.storyboard; name = Base; path = Base.lproj/Main.storyboard; sourceTree = "<group>"; };
		84C6BF5A298AB21500B6D3DD /* myresumee.xcdatamodel */ = {isa = PBXFileReference; lastKnownFileType = wrapper.xcdatamodel; path = myresumee.xcdatamodel; sourceTree = "<group>"; };
		84C6BF5C298AB21600B6D3DD /* Assets.xcassets */ = {isa = PBXFileReference; lastKnownFileType = folder.assetcatalog; path = Assets.xcassets; sourceTree = "<group>"; };
		84C6BF5F298AB21600B6D3DD /* Base */ = {isa = PBXFileReference; lastKnownFileType = file.storyboard; name = Base; path = Base.lproj/LaunchScreen.storyboard; sourceTree = "<group>"; };
		84C6BF61298AB21600B6D3DD /* Info.plist */ = {isa = PBXFileReference; lastKnownFileType = text.plist.xml; path = Info.plist; sourceTree = "<group>"; };
		84C6BF6A298AB9BE00B6D3DD /* MainHomeViewController.swift */ = {isa = PBXFileReference; lastKnownFileType = sourcecode.swift; path = MainHomeViewController.swift; sourceTree = "<group>"; };
		84C6BF6C298ABA3500B6D3DD /* HeaderView.swift */ = {isa = PBXFileReference; lastKnownFileType = sourcecode.swift; path = HeaderView.swift; sourceTree = "<group>"; };
		84C6BF6E298ABABB00B6D3DD /* HeaderPictureView.swift */ = {isa = PBXFileReference; lastKnownFileType = sourcecode.swift; path = HeaderPictureView.swift; sourceTree = "<group>"; };
		84C6BF70298ABDB300B6D3DD /* SelectedView.swift */ = {isa = PBXFileReference; lastKnownFileType = sourcecode.swift; path = SelectedView.swift; sourceTree = "<group>"; };
		84C6BF73298AC15200B6D3DD /* KFColors.swift */ = {isa = PBXFileReference; lastKnownFileType = sourcecode.swift; path = KFColors.swift; sourceTree = "<group>"; };
/* End PBXFileReference section */

/* Begin PBXFrameworksBuildPhase section */
		84C6BF4A298AB21500B6D3DD /* Frameworks */ = {
			isa = PBXFrameworksBuildPhase;
			buildActionMask = 2147483647;
			files = (
			);
			runOnlyForDeploymentPostprocessing = 0;
		};
/* End PBXFrameworksBuildPhase section */

/* Begin PBXGroup section */
		84C6BF44298AB21500B6D3DD = {
			isa = PBXGroup;
			children = (
				84C6BF4F298AB21500B6D3DD /* myresumee */,
				84C6BF4E298AB21500B6D3DD /* Products */,
			);
			sourceTree = "<group>";
		};
		84C6BF4E298AB21500B6D3DD /* Products */ = {
			isa = PBXGroup;
			children = (
				84C6BF4D298AB21500B6D3DD /* myresumee.app */,
			);
			name = Products;
			sourceTree = "<group>";
		};
		84C6BF4F298AB21500B6D3DD /* myresumee */ = {
			isa = PBXGroup;
			children = (
				84C6BF72298AC0F300B6D3DD /* KF */,
				84C6BF69298AB9A200B6D3DD /* Views */,
				84C6BF68298AB99C00B6D3DD /* Models */,
				84C6BF67298AB99300B6D3DD /* Controllers */,
				84C6BF50298AB21500B6D3DD /* AppDelegate.swift */,
				84C6BF52298AB21500B6D3DD /* SceneDelegate.swift */,
				84C6BF56298AB21500B6D3DD /* Main.storyboard */,
				84C6BF5C298AB21600B6D3DD /* Assets.xcassets */,
				84C6BF5E298AB21600B6D3DD /* LaunchScreen.storyboard */,
				84C6BF61298AB21600B6D3DD /* Info.plist */,
				84C6BF59298AB21500B6D3DD /* myresumee.xcdatamodeld */,
			);
			path = myresumee;
			sourceTree = "<group>";
		};
		84C6BF67298AB99300B6D3DD /* Controllers */ = {
			isa = PBXGroup;
			children = (
				84C6BF6A298AB9BE00B6D3DD /* MainHomeViewController.swift */,
			);
			path = Controllers;
			sourceTree = "<group>";
		};
		84C6BF68298AB99C00B6D3DD /* Models */ = {
			isa = PBXGroup;
			children = (
			);
			path = Models;
			sourceTree = "<group>";
		};
		84C6BF69298AB9A200B6D3DD /* Views */ = {
			isa = PBXGroup;
			children = (
				84C6BF6C298ABA3500B6D3DD /* HeaderView.swift */,
				84C6BF6E298ABABB00B6D3DD /* HeaderPictureView.swift */,
				84C6BF70298ABDB300B6D3DD /* SelectedView.swift */,
				84557D84298BFB2C000BB5E2 /* RandomAbilitiesView.swift */,
				84557D86298BFE02000BB5E2 /* CurrentJobView.swift */,
			);
			path = Views;
			sourceTree = "<group>";
		};
		84C6BF72298AC0F300B6D3DD /* KF */ = {
			isa = PBXGroup;
			children = (
				84C6BF73298AC15200B6D3DD /* KFColors.swift */,
			);
			path = KF;
			sourceTree = "<group>";
		};
/* End PBXGroup section */

/* Begin PBXNativeTarget section */
		84C6BF4C298AB21500B6D3DD /* myresumee */ = {
			isa = PBXNativeTarget;
			buildConfigurationList = 84C6BF64298AB21600B6D3DD /* Build configuration list for PBXNativeTarget "myresumee" */;
			buildPhases = (
				84C6BF49298AB21500B6D3DD /* Sources */,
				84C6BF4A298AB21500B6D3DD /* Frameworks */,
				84C6BF4B298AB21500B6D3DD /* Resources */,
			);
			buildRules = (
			);
			dependencies = (
			);
			name = myresumee;
			productName = myresumee;
			productReference = 84C6BF4D298AB21500B6D3DD /* myresumee.app */;
			productType = "com.apple.product-type.application";
		};
/* End PBXNativeTarget section */

/* Begin PBXProject section */
		84C6BF45298AB21500B6D3DD /* Project object */ = {
			isa = PBXProject;
			attributes = {
				BuildIndependentTargetsInParallel = 1;
				LastSwiftUpdateCheck = 1420;
				LastUpgradeCheck = 1420;
				TargetAttributes = {
					84C6BF4C298AB21500B6D3DD = {
						CreatedOnToolsVersion = 14.2;
					};
				};
			};
			buildConfigurationList = 84C6BF48298AB21500B6D3DD /* Build configuration list for PBXProject "myresumee" */;
			compatibilityVersion = "Xcode 14.0";
			developmentRegion = en;
			hasScannedForEncodings = 0;
			knownRegions = (
				en,
				Base,
			);
			mainGroup = 84C6BF44298AB21500B6D3DD;
			productRefGroup = 84C6BF4E298AB21500B6D3DD /* Products */;
			projectDirPath = "";
			projectRoot = "";
			targets = (
				84C6BF4C298AB21500B6D3DD /* myresumee */,
			);
		};
/* End PBXProject section */

/* Begin PBXResourcesBuildPhase section */
		84C6BF4B298AB21500B6D3DD /* Resources */ = {
			isa = PBXResourcesBuildPhase;
			buildActionMask = 2147483647;
			files = (
				84C6BF60298AB21600B6D3DD /* LaunchScreen.storyboard in Resources */,
				84C6BF5D298AB21600B6D3DD /* Assets.xcassets in Resources */,
				84C6BF58298AB21500B6D3DD /* Main.storyboard in Resources */,
			);
			runOnlyForDeploymentPostprocessing = 0;
		};
/* End PBXResourcesBuildPhase section */

/* Begin PBXSourcesBuildPhase section */
		84C6BF49298AB21500B6D3DD /* Sources */ = {
			isa = PBXSourcesBuildPhase;
			buildActionMask = 2147483647;
			files = (
				84C6BF71298ABDB300B6D3DD /* SelectedView.swift in Sources */,
				84C6BF6D298ABA3500B6D3DD /* HeaderView.swift in Sources */,
				84C6BF6B298AB9BE00B6D3DD /* MainHomeViewController.swift in Sources */,
				84557D85298BFB2C000BB5E2 /* RandomAbilitiesView.swift in Sources */,
				84557D87298BFE02000BB5E2 /* CurrentJobView.swift in Sources */,
				84C6BF6F298ABABB00B6D3DD /* HeaderPictureView.swift in Sources */,
				84C6BF74298AC15200B6D3DD /* KFColors.swift in Sources */,
				84C6BF51298AB21500B6D3DD /* AppDelegate.swift in Sources */,
				84C6BF5B298AB21500B6D3DD /* myresumee.xcdatamodeld in Sources */,
				84C6BF53298AB21500B6D3DD /* SceneDelegate.swift in Sources */,
			);
			runOnlyForDeploymentPostprocessing = 0;
		};
/* End PBXSourcesBuildPhase section */

/* Begin PBXVariantGroup section */
		84C6BF56298AB21500B6D3DD /* Main.storyboard */ = {
			isa = PBXVariantGroup;
			children = (
				84C6BF57298AB21500B6D3DD /* Base */,
			);
			name = Main.storyboard;
			sourceTree = "<group>";
		};
		84C6BF5E298AB21600B6D3DD /* LaunchScreen.storyboard */ = {
			isa = PBXVariantGroup;
			children = (
				84C6BF5F298AB21600B6D3DD /* Base */,
			);
			name = LaunchScreen.storyboard;
			sourceTree = "<group>";
		};
/* End PBXVariantGroup section */

/* Begin XCBuildConfiguration section */
		84C6BF62298AB21600B6D3DD /* Debug */ = {
			isa = XCBuildConfiguration;
			buildSettings = {
				ALWAYS_SEARCH_USER_PATHS = NO;
				CLANG_ANALYZER_NONNULL = YES;
				CLANG_ANALYZER_NUMBER_OBJECT_CONVERSION = YES_AGGRESSIVE;
				CLANG_CXX_LANGUAGE_STANDARD = "gnu++20";
				CLANG_ENABLE_MODULES = YES;
				CLANG_ENABLE_OBJC_ARC = YES;
				CLANG_ENABLE_OBJC_WEAK = YES;
				CLANG_WARN_BLOCK_CAPTURE_AUTORELEASING = YES;
				CLANG_WARN_BOOL_CONVERSION = YES;
				CLANG_WARN_COMMA = YES;
				CLANG_WARN_CONSTANT_CONVERSION = YES;
				CLANG_WARN_DEPRECATED_OBJC_IMPLEMENTATIONS = YES;
				CLANG_WARN_DIRECT_OBJC_ISA_USAGE = YES_ERROR;
				CLANG_WARN_DOCUMENTATION_COMMENTS = YES;
				CLANG_WARN_EMPTY_BODY = YES;
				CLANG_WARN_ENUM_CONVERSION = YES;
				CLANG_WARN_INFINITE_RECURSION = YES;
				CLANG_WARN_INT_CONVERSION = YES;
				CLANG_WARN_NON_LITERAL_NULL_CONVERSION = YES;
				CLANG_WARN_OBJC_IMPLICIT_RETAIN_SELF = YES;
				CLANG_WARN_OBJC_LITERAL_CONVERSION = YES;
				CLANG_WARN_OBJC_ROOT_CLASS = YES_ERROR;
				CLANG_WARN_QUOTED_INCLUDE_IN_FRAMEWORK_HEADER = YES;
				CLANG_WARN_RANGE_LOOP_ANALYSIS = YES;
				CLANG_WARN_STRICT_PROTOTYPES = YES;
				CLANG_WARN_SUSPICIOUS_MOVE = YES;
				CLANG_WARN_UNGUARDED_AVAILABILITY = YES_AGGRESSIVE;
				CLANG_WARN_UNREACHABLE_CODE = YES;
				CLANG_WARN__DUPLICATE_METHOD_MATCH = YES;
				COPY_PHASE_STRIP = NO;
				DEBUG_INFORMATION_FORMAT = dwarf;
				ENABLE_STRICT_OBJC_MSGSEND = YES;
				ENABLE_TESTABILITY = YES;
				GCC_C_LANGUAGE_STANDARD = gnu11;
				GCC_DYNAMIC_NO_PIC = NO;
				GCC_NO_COMMON_BLOCKS = YES;
				GCC_OPTIMIZATION_LEVEL = 0;
				GCC_PREPROCESSOR_DEFINITIONS = (
					"DEBUG=1",
					"$(inherited)",
				);
				GCC_WARN_64_TO_32_BIT_CONVERSION = YES;
				GCC_WARN_ABOUT_RETURN_TYPE = YES_ERROR;
				GCC_WARN_UNDECLARED_SELECTOR = YES;
				GCC_WARN_UNINITIALIZED_AUTOS = YES_AGGRESSIVE;
				GCC_WARN_UNUSED_FUNCTION = YES;
				GCC_WARN_UNUSED_VARIABLE = YES;
				IPHONEOS_DEPLOYMENT_TARGET = 16.2;
				MTL_ENABLE_DEBUG_INFO = INCLUDE_SOURCE;
				MTL_FAST_MATH = YES;
				ONLY_ACTIVE_ARCH = YES;
				SDKROOT = iphoneos;
				SWIFT_ACTIVE_COMPILATION_CONDITIONS = DEBUG;
				SWIFT_OPTIMIZATION_LEVEL = "-Onone";
			};
			name = Debug;
		};
		84C6BF63298AB21600B6D3DD /* Release */ = {
			isa = XCBuildConfiguration;
			buildSettings = {
				ALWAYS_SEARCH_USER_PATHS = NO;
				CLANG_ANALYZER_NONNULL = YES;
				CLANG_ANALYZER_NUMBER_OBJECT_CONVERSION = YES_AGGRESSIVE;
				CLANG_CXX_LANGUAGE_STANDARD = "gnu++20";
				CLANG_ENABLE_MODULES = YES;
				CLANG_ENABLE_OBJC_ARC = YES;
				CLANG_ENABLE_OBJC_WEAK = YES;
				CLANG_WARN_BLOCK_CAPTURE_AUTORELEASING = YES;
				CLANG_WARN_BOOL_CONVERSION = YES;
				CLANG_WARN_COMMA = YES;
				CLANG_WARN_CONSTANT_CONVERSION = YES;
				CLANG_WARN_DEPRECATED_OBJC_IMPLEMENTATIONS = YES;
				CLANG_WARN_DIRECT_OBJC_ISA_USAGE = YES_ERROR;
				CLANG_WARN_DOCUMENTATION_COMMENTS = YES;
				CLANG_WARN_EMPTY_BODY = YES;
				CLANG_WARN_ENUM_CONVERSION = YES;
				CLANG_WARN_INFINITE_RECURSION = YES;
				CLANG_WARN_INT_CONVERSION = YES;
				CLANG_WARN_NON_LITERAL_NULL_CONVERSION = YES;
				CLANG_WARN_OBJC_IMPLICIT_RETAIN_SELF = YES;
				CLANG_WARN_OBJC_LITERAL_CONVERSION = YES;
				CLANG_WARN_OBJC_ROOT_CLASS = YES_ERROR;
				CLANG_WARN_QUOTED_INCLUDE_IN_FRAMEWORK_HEADER = YES;
				CLANG_WARN_RANGE_LOOP_ANALYSIS = YES;
				CLANG_WARN_STRICT_PROTOTYPES = YES;
				CLANG_WARN_SUSPICIOUS_MOVE = YES;
				CLANG_WARN_UNGUARDED_AVAILABILITY = YES_AGGRESSIVE;
				CLANG_WARN_UNREACHABLE_CODE = YES;
				CLANG_WARN__DUPLICATE_METHOD_MATCH = YES;
				COPY_PHASE_STRIP = NO;
				DEBUG_INFORMATION_FORMAT = "dwarf-with-dsym";
				ENABLE_NS_ASSERTIONS = NO;
				ENABLE_STRICT_OBJC_MSGSEND = YES;
				GCC_C_LANGUAGE_STANDARD = gnu11;
				GCC_NO_COMMON_BLOCKS = YES;
				GCC_WARN_64_TO_32_BIT_CONVERSION = YES;
				GCC_WARN_ABOUT_RETURN_TYPE = YES_ERROR;
				GCC_WARN_UNDECLARED_SELECTOR = YES;
				GCC_WARN_UNINITIALIZED_AUTOS = YES_AGGRESSIVE;
				GCC_WARN_UNUSED_FUNCTION = YES;
				GCC_WARN_UNUSED_VARIABLE = YES;
				IPHONEOS_DEPLOYMENT_TARGET = 16.2;
				MTL_ENABLE_DEBUG_INFO = NO;
				MTL_FAST_MATH = YES;
				SDKROOT = iphoneos;
				SWIFT_COMPILATION_MODE = wholemodule;
				SWIFT_OPTIMIZATION_LEVEL = "-O";
				VALIDATE_PRODUCT = YES;
			};
			name = Release;
		};
		84C6BF65298AB21600B6D3DD /* Debug */ = {
			isa = XCBuildConfiguration;
			buildSettings = {
				ASSETCATALOG_COMPILER_APPICON_NAME = AppIcon;
				ASSETCATALOG_COMPILER_GLOBAL_ACCENT_COLOR_NAME = AccentColor;
				CODE_SIGN_STYLE = Automatic;
				CURRENT_PROJECT_VERSION = 1;
				DEVELOPMENT_TEAM = D8R47549B4;
				GENERATE_INFOPLIST_FILE = YES;
				INFOPLIST_FILE = myresumee/Info.plist;
				INFOPLIST_KEY_UIApplicationSupportsIndirectInputEvents = YES;
				INFOPLIST_KEY_UILaunchStoryboardName = LaunchScreen;
				INFOPLIST_KEY_UIMainStoryboardFile = Main;
				INFOPLIST_KEY_UISupportedInterfaceOrientations_iPad = "UIInterfaceOrientationPortrait UIInterfaceOrientationPortraitUpsideDown UIInterfaceOrientationLandscapeLeft UIInterfaceOrientationLandscapeRight";
				INFOPLIST_KEY_UISupportedInterfaceOrientations_iPhone = "UIInterfaceOrientationPortrait UIInterfaceOrientationLandscapeLeft UIInterfaceOrientationLandscapeRight";
				LD_RUNPATH_SEARCH_PATHS = (
					"$(inherited)",
					"@executable_path/Frameworks",
				);
				MARKETING_VERSION = 1.0;
				PRODUCT_BUNDLE_IDENTIFIER = kemrode.myresumee;
				PRODUCT_NAME = "$(TARGET_NAME)";
				SWIFT_EMIT_LOC_STRINGS = YES;
				SWIFT_VERSION = 5.0;
				TARGETED_DEVICE_FAMILY = "1,2";
			};
			name = Debug;
		};
		84C6BF66298AB21600B6D3DD /* Release */ = {
			isa = XCBuildConfiguration;
			buildSettings = {
				ASSETCATALOG_COMPILER_APPICON_NAME = AppIcon;
				ASSETCATALOG_COMPILER_GLOBAL_ACCENT_COLOR_NAME = AccentColor;
				CODE_SIGN_STYLE = Automatic;
				CURRENT_PROJECT_VERSION = 1;
				DEVELOPMENT_TEAM = D8R47549B4;
				GENERATE_INFOPLIST_FILE = YES;
				INFOPLIST_FILE = myresumee/Info.plist;
				INFOPLIST_KEY_UIApplicationSupportsIndirectInputEvents = YES;
				INFOPLIST_KEY_UILaunchStoryboardName = LaunchScreen;
				INFOPLIST_KEY_UIMainStoryboardFile = Main;
				INFOPLIST_KEY_UISupportedInterfaceOrientations_iPad = "UIInterfaceOrientationPortrait UIInterfaceOrientationPortraitUpsideDown UIInterfaceOrientationLandscapeLeft UIInterfaceOrientationLandscapeRight";
				INFOPLIST_KEY_UISupportedInterfaceOrientations_iPhone = "UIInterfaceOrientationPortrait UIInterfaceOrientationLandscapeLeft UIInterfaceOrientationLandscapeRight";
				LD_RUNPATH_SEARCH_PATHS = (
					"$(inherited)",
					"@executable_path/Frameworks",
				);
				MARKETING_VERSION = 1.0;
				PRODUCT_BUNDLE_IDENTIFIER = kemrode.myresumee;
				PRODUCT_NAME = "$(TARGET_NAME)";
				SWIFT_EMIT_LOC_STRINGS = YES;
				SWIFT_VERSION = 5.0;
				TARGETED_DEVICE_FAMILY = "1,2";
			};
			name = Release;
		};
/* End XCBuildConfiguration section */

/* Begin XCConfigurationList section */
		84C6BF48298AB21500B6D3DD /* Build configuration list for PBXProject "myresumee" */ = {
			isa = XCConfigurationList;
			buildConfigurations = (
				84C6BF62298AB21600B6D3DD /* Debug */,
				84C6BF63298AB21600B6D3DD /* Release */,
			);
			defaultConfigurationIsVisible = 0;
			defaultConfigurationName = Release;
		};
		84C6BF64298AB21600B6D3DD /* Build configuration list for PBXNativeTarget "myresumee" */ = {
			isa = XCConfigurationList;
			buildConfigurations = (
				84C6BF65298AB21600B6D3DD /* Debug */,
				84C6BF66298AB21600B6D3DD /* Release */,
			);
			defaultConfigurationIsVisible = 0;
			defaultConfigurationName = Release;
		};
/* End XCConfigurationList section */

/* Begin XCVersionGroup section */
		84C6BF59298AB21500B6D3DD /* myresumee.xcdatamodeld */ = {
			isa = XCVersionGroup;
			children = (
				84C6BF5A298AB21500B6D3DD /* myresumee.xcdatamodel */,
			);
			currentVersion = 84C6BF5A298AB21500B6D3DD /* myresumee.xcdatamodel */;
			path = myresumee.xcdatamodeld;
			sourceTree = "<group>";
			versionGroupType = wrapper.xcdatamodel;
		};
/* End XCVersionGroup section */
	};
	rootObject = 84C6BF45298AB21500B6D3DD /* Project object */;
}
